cloud.google.com/go v0.116.0 h1:B3fRrSDkLRt5qSHWe40ERJvhvnQwdZiHu0bJOpldweE=
cloud.google.com/go/auth v0.9.3 h1:VOEUIAADkkLtyfr3BLa3R8Ed/j6w1jTBmARx+wb5w5U=
cloud.google.com/go/compute/metadata v0.6.0 h1:A6hENjEsCDtC1k8byVsgwvVcioamEHvZ4j01OwKxG9I=
github.com/anthropics/anthropic-sdk-go v1.4.0 h1:fU1jKxYbQdQDiEXCxeW5XZRIOwKevn/PMg8Ay1nnUx0=
github.com/aws/aws-sdk-go-v2 v1.33.0 h1:Evgm4DI9imD81V0WwD+TN4DCwjUMdc94TrduMLbgZJs=
github.com/aws/aws-sdk-go-v2/aws/protocol/eventstream v1.6.3 h1:tW1/Rkad38LA15X4UQtjXZXNKsCgkshC3EbmcUmghTg=
github.com/aws/aws-sdk-go-v2/config v1.29.1 h1:JZhGawAyZ/EuJeBtbQYnaoftczcb2drR2Iq36Wgz4sQ=
github.com/aws/aws-sdk-go-v2/credentials v1.17.54 h1:4UmqeOqJPvdvASZWrKlhzpRahAulBfyTJQUaYy4+hEI=
github.com/aws/aws-sdk-go-v2/feature/ec2/imds v1.16.24 h1:5grmdTdMsovn9kPZPI23Hhvp0ZyNm5cRO+IZFIYiAfw=
github.com/aws/aws-sdk-go-v2/internal/configsources v1.3.28 h1:igORFSiH3bfq4lxKFkTSYDhJEUCYo6C8VKiWJjYwQuQ=
github.com/aws/aws-sdk-go-v2/internal/endpoints/v2 v2.6.28 h1:1mOW9zAUMhTSrMDssEHS/ajx8JcAj/IcftzcmNlmVLI=
github.com/aws/aws-sdk-go-v2/internal/ini v1.8.1 h1:VaRN3TlFdd6KxX1x3ILT5ynH6HvKgqdiXoTxAF4HQcQ=
github.com/aws/aws-sdk-go-v2/service/internal/accept-encoding v1.12.1 h1:iXtILhvDxB6kPvEXgsDhGaZCSC6LQET5ZHSdJozeI0Y=
github.com/aws/aws-sdk-go-v2/service/internal/presigned-url v1.12.9 h1:TQmKDyETFGiXVhZfQ/I0cCFziqqX58pi4tKJGYGFSz0=
github.com/aws/aws-sdk-go-v2/service/sso v1.24.11 h1:kuIyu4fTT38Kj7YCC7ouNbVZSSpqkZ+LzIfhCr6Dg+I=
github.com/aws/aws-sdk-go-v2/service/ssooidc v1.28.10 h1:l+dgv/64iVlQ3WsBbnn+JSbkj01jIi+SM0wYsj3y/hY=
github.com/aws/aws-sdk-go-v2/service/sts v1.33.9 h1:BRVDbewN6VZcwr+FBOszDKvYeXY1kJ+GGMCcpghlw0U=
github.com/aws/smithy-go v1.22.1 h1:/HPHZQ0g7f4eUeK6HKglFz8uwVfZKgoI25rb/J+dnro=
github.com/bahlo/generic-list-go v0.2.0 h1:5sz/EEAK+ls5wF+NeqDpk5+iNdMDXrh3z3nPnH1Wvgk=
github.com/baidubce/bce-qianfan-sdk/go/qianfan v0.0.14 h1:XNP24illv5CWTLinpdF8Xo73YWQ2ZWbmlNT0BTWFCGg=
github.com/baidubce/bce-sdk-go v0.9.164 h1:7gswLMsdQyarovMKuv3i6wxFQ3BQgvc5CmyGXb/D/xA=
github.com/buger/jsonparser v1.1.1 h1:2PnMjfWD7wBILjqQbt530v576A/cAbQvEW9gGIpYMUs=
github.com/bytedance/gopkg v0.1.3 h1:TPBSwH8RsouGCBcMBktLt1AymVo2TVsBVCY4b6TnZ/M=
github.com/bytedance/mockey v1.3.0 h1:ONLRdvhqmCfr9rTasUB8ZKCfvbdD2tohOg4u+4Q/ed0=
github.com/bytedance/sonic v1.15.0 h1:/PXeWFaR5ElNcVE84U0dOHjiMHQOwNIx3K4ymzh/uSE=
github.com/bytedance/sonic/loader v0.5.0 h1:gXH3KVnatgY7loH5/TkeVyXPfESoqSBSBEiDd5VjlgE=
github.com/cloudwego/base64x v0.1.6 h1:t11wG9AECkCDk5fMSoxmufanudBtJ+/HemLstXDLI2M=
github.com/cloudwego/eino v0.8.7 h1:GlzrJa5hpovPdZ+loBvXs1W4D5gWC+a6PRqJmlj4iis=
github.com/cloudwego/eino-ext/components/embedding/ark v0.1.1 h1:PM/+XAvJtrBqFlBY15ws0pb0+92XKHQv0ei3M7PIJcQ=
github.com/cloudwego/eino-ext/components/embedding/dashscope v0.0.0-20251114102822-95f6d97bd4ee h1:J8bFFCInSOjO29ODHBvh1GIlHvaDofueI8l0+OI/Xo8=
github.com/cloudwego/eino-ext/components/embedding/gemini v0.0.0-20251114102822-95f6d97bd4ee h1:YwtLj3HV3PJ19qh5CXUYnrLI8cQXrm+6c4Q9GBlu308=
github.com/cloudwego/eino-ext/components/embedding/ollama v0.0.0-20251114102822-95f6d97bd4ee h1:KHnU9dmSuW0j4Y3wINNKcsHHVor/iPIOuyDbB634szo=
github.com/cloudwego/eino-ext/components/embedding/openai v0.0.0-20251114102822-95f6d97bd4ee h1:v27dC5PRRoJ1aeMmFk2FYvOeOxNqcyBwVqNTrNTkPeg=
github.com/cloudwego/eino-ext/components/embedding/qianfan v0.0.0-20251114102822-95f6d97bd4ee h1:A7ijPGGmM6ZHEyOKebXd9rs31apxf5vjEWrKEl5WxUY=
github.com/cloudwego/eino-ext/components/embedding/tencentcloud v0.0.0-20251114102822-95f6d97bd4ee h1:zXVXdudJFE3DFveIo9h345jAPo+poSb3UoEMsnAPK3A=
github.com/cloudwego/eino-ext/components/model/ark v0.1.43 h1:IX5jwkPGmfwwDJJxC+JStyeWkoZWiMYex3DpFb4TSZc=
github.com/cloudwego/eino-ext/components/model/claude v0.1.10 h1:UgYDk+4qBg6G0MQOJ5qYjFkoe1oLkyqONhaoj+v7RW4=
github.com/cloudwego/eino-ext/components/model/deepseek v0.0.0-20251114102822-95f6d97bd4ee h1:fKg2iqrujcRlyblmJ5pZs5vAKn+0I+RBEYsoUzZ7n44=
github.com/cloudwego/eino-ext/components/model/gemini v0.1.13 h1:Dyqw9Cl2tFI1pOXBf5a0E+lc5f/NoUfXPzIfoAozeX8=
github.com/cloudwego/eino-ext/components/model/ollama v0.1.8 h1:+BStnQlkRxWMV9jsPopLmmut2ARG88e9hDSMaDNAI/w=
github.com/cloudwego/eino-ext/components/model/openai v0.1.8 h1:uVCE8nNvbhD37xGFgdKESWjvChDSkCAMA+DodhFRBaM=
github.com/cloudwego/eino-ext/components/model/qianfan v0.1.2 h1:9z+70lY85nvxmFwHdC7vp/eWswLG4khQwO0rr5kpMQg=
github.com/cloudwego/eino-ext/components/model/qwen v0.1.5 h1:H0Irkydo2INyYNqjJTCRjfvycPNJMC2FcfmebfL83hM=
github.com/cloudwego/eino-ext/components/tool/mcp v0.0.8 h1:/QwCVAtB61b4Q2+RUvhoy9AZNkhiThsTySIoimxiJS4=
github.com/cloudwego/eino-ext/libs/acl/openai v0.1.13 h1:z0bI5TH3nE+uDQiRhxBQMvk2HswlDUM3xP38+VSgpSQ=
github.com/cohesion-org/deepseek-go v1.3.2 h1:WTZ/2346KFYca+n+DL5p+Ar1RQxF2w/wGkU4jDvyXaQ=
github.com/davecgh/go-spew v1.1.2-0.20180830191138-d8f796af33cc h1:U9qPSI2PIWSS1VwoXQT9A3Wy9MM3WgvqSxFWenqJduM=
github.com/dustin/go-humanize v1.0.1 h1:GzkhY7T5VNhEkwH0PVJgjz+fX1rhBrR7pRT3mDkpeCY=
github.com/eino-contrib/jsonschema v1.0.3 h1:2Kfsm1xlMV0ssY2nuxshS4AwbLFuqmPmzIjLVJ1Fsp0=
github.com/eino-contrib/ollama v0.1.0 h1:z1NaMdKW6X1ftP8g5xGGR5zDRPUtuTKFq35vBQgxsN4=
github.com/evanphx/json-patch v0.5.2 h1:xVCHIVMUu1wtM/VkR9jVZ45N3FhZfYMMYGorLCR8P3k=
github.com/frankban/quicktest v1.14.6 h1:7Xjx+VpznH+oBnejlPUj8oUpdxnVs4f8XU8WnHkI4W8=
github.com/fsnotify/fsnotify v1.7.0 h1:8JEhPFa5W2WU7YfeZzPNqzMP6Lwt7L2715Ggo0nosvA=
github.com/go-check/check v0.0.0-20180628173108-788fd7840127 h1:0gkP6mzaMqkmpcJYCFOLkIBwI7xFExG03bbkOkCvUPI=
github.com/go-logr/logr v1.4.3 h1:CjnDlHq8ikf6E492q6eKboGOC0T8CDaOvkHCIg8idEI=
github.com/go-logr/stdr v1.2.2 h1:hSWxHoqTgW2S2qGc0LTAI563KZ5YKYRhT3MFKZMbjag=
github.com/golang/groupcache v0.0.0-20241129210726-2c02b8208cf8 h1:f+oWsMOmNPc8JmEHVZIycC7hBoQxHH9pNKQORJNozsQ=
github.com/golang/protobuf v1.5.4 h1:i7eJL8qZTpSEXOPTxNKhASYpMn+8e5Q6AdndVa1dWek=
github.com/google/go-cmp v0.7.0 h1:wk8382ETsv4JYUZwIsn6YpYiWiBsYLSJiTsyBybVuN8=
github.com/google/s2a-go v0.1.8 h1:zZDs9gcbt9ZPLV0ndSyQk6Kacx2g/X+SKYovpnz3SMM=
github.com/google/uuid v1.6.0 h1:NIvaJDMOsjHA8n1jAhLSgzrAzy1Hgr+hNrb57e+94F0=
github.com/googleapis/enterprise-certificate-proxy v0.3.4 h1:XYIDZApgAnrN1c855gTgghdIA6Stxb52D5RnLI1SLyw=
github.com/goph/emperror v0.17.2 h1:yLapQcmEsO0ipe9p5TaN22djm3OFV/TfM/fcYP0/J18=
github.com/gopherjs/gopherjs v1.17.2 h1:fQnZVsXk8uxXIStYb0N4bGk7jeyTalG/wsZjQ25dO0g=
github.com/gorilla/websocket v1.5.4-0.20250319132907-e064f32e3674 h1:JeSE6pjso5THxAzdVpqr6/geYxZytqFMBCOtn/ujyeo=
github.com/hashicorp/hcl v1.0.0 h1:0Anlzjpi4vEasTeNFn2mLJgTSwt0+6sfsiTG8qcWGx4=
github.com/invopop/jsonschema v0.13.0 h1:KvpoAJWEjR3uD9Kbm2HWJmqsEaHt8lBUpd0qHcIi21E=
github.com/jinzhu/inflection v1.0.0 h1:K317FqzuhWc8YvSVlFMCCUb36O/S9MCKRDI7QkRKD/E=
github.com/jinzhu/now v1.1.5 h1:/o9tlHleP7gOFmsnYNz3RGnqzefHA47wQpKrrdTIwXQ=
github.com/jmespath/go-jmespath v0.4.0 h1:BEgLn5cpjn8UN1mAw4NjwDrS35OdebyEtFe+9YPoQUg=
github.com/jmespath/go-jmespath/internal/testify v1.5.1 h1:shLQSRRSCCPj3f2gpwzGwWFoC7ycTf1rcQZHOlsJ6N8=
github.com/joho/godotenv v1.5.1 h1:7eLL/+HRGLY0ldzfGMeQkb7vMd0as4CfYvUVzLqw0N0=
github.com/json-iterator/go v1.1.13-0.20220915233716-71ac16282d12 h1:9Nu54bhS/H/Kgo2/7xNSUuC5G28VR8ljfrLKU2G4IjU=
github.com/jtolds/gls v4.20.0+incompatible h1:xdiiI2gbIgH/gLH7ADydsJ1uDOEzR8yvV7C0MuV77Wo=
github.com/klauspost/cpuid/v2 v2.3.0 h1:S4CRMLnYUhGeDFDqkGriYKdfoFlDnMtqTiI/sFzhA9Y=
github.com/kr/pretty v0.3.1 h1:flRD4NNwYAUpkphVc1HcthR4KEIFJ65n8Mw5qdRn3LE=
github.com/kr/text v0.2.0 h1:5Nx0Ya0ZqY2ygV366QzturHI13Jq95ApcVaJBhpS+AY=
github.com/magiconair/properties v1.8.7 h1:IeQXZAiQcpL9mgcAe1Nu6cX9LLw6ExEHKjN0VQdvPDY=
github.com/mailru/easyjson v0.9.0 h1:PrnmzHw7262yW8sTBwxi1PdJA3Iw/EKBa8psRf7d9a4=
github.com/mark3labs/mcp-go v0.44.0 h1:OlYfcVviAnwNN40QZUrrzU0QZjq3En7rCU5X09a/B7I=
github.com/mattn/go-colorable v0.1.13 h1:fFA4WZxdEF4tXPZVKMLwD8oUnCTTo08duU7wxecdEvA=
github.com/mattn/go-isatty v0.0.20 h1:xfD0iDuEKnDkl03q4limB+vH+GxLEtL/jb4xVJSWWEY=
github.com/meguminnnnnnnnn/go-openai v0.1.1 h1:u/IMMgrj/d617Dh/8BKAwlcstD74ynOJzCtVl+y8xAs=
github.com/mgutz/ansi v0.0.0-20170206155736-9520e82c474b h1:j7+1HpAFS1zy5+Q4qx1fWh90gTKwiN4QCGoY9TWyyO4=
github.com/mitchellh/mapstructure v1.5.0 h1:jeMsZIYE/09sWLaz43PL7Gy6RuMjD2eJVyuac5Z2hdY=
github.com/modern-go/concurrent v0.0.0-20180306012644-bacd9c7ef1dd h1:TRLaZ9cD/w8PVh93nsPXa1VrQ6jlwL5oN8l14QlcNfg=
github.com/modern-go/reflect2 v1.0.3-0.20250322232337-35a7c28c31ee h1:W5t00kpgFdJifH4BDsTlE89Zl93FEloxaWZfGcifgq8=
github.com/mszlu521/thunder v1.0.5 h1:0voai5/uN2xTFTqZ5ja73sggFGfti8/spPzx9g4vYgE=
github.com/nikolalohinski/gonja v1.5.3 h1:GsA+EEaZDZPGJ8JtpeGN78jidhOlxeJROpqMT9fTj9c=
github.com/ollama/ollama v0.9.6 h1:HZNJmB52pMt6zLkGkkheBuXBXM5478eiSAj7GR75AMc=
github.com/openai/openai-go v1.10.1 h1:7VR8z1foqJDjlaFZsNH5zZIYTWKYz97tdsVSzXDHQck=
github.com/pelletier/go-toml/v2 v2.2.4 h1:mye9XuhQ6gvn5h28+VilKrrPoQVanw5PMw/TB0t5Ec4=
github.com/pkg/errors v0.9.1 h1:FEBLx1zS214owpjy7qsBeixbURkuhQAwrK5UwLGTwt4=
github.com/pmezard/go-difflib v1.0.1-0.20181226105442-5d4384ee4fb2 h1:Jamvg5psRIccs7FGNTlIRMkT8wgtp5eCXdBlqhYGL6U=
github.com/rogpeppe/go-internal v1.14.1 h1:UQB4HGPB6osV0SQTLymcB4TgvyWu6ZyliaW0tI/otEQ=
github.com/sagikazarmark/locafero v0.4.0 h1:HApY1R9zGo4DBgr7dqsTH/JJxLTTsOt7u6keLGt6kNQ=
github.com/sagikazarmark/slog-shim v0.1.0 h1:diDBnUNK9N/354PgrxMywXnAwEr1QZcOr6gto+ugjYE=
github.com/sirupsen/logrus v1.9.3 h1:dueUQJ1C2q9oE3F7wvmSGAaVtTmUizReu6fjN8uqzbQ=
github.com/slongfield/pyfmt v0.0.0-20220222012616-ea85ff4c361f h1:Z2cODYsUxQPofhpYRMQVwWz4yUVpHF+vPi+eUdruUYI=
github.com/smarty/assertions v1.16.0 h1:EvHNkdRA4QHMrn75NZSoUQ/mAUXAYWfatfB01yTCzfY=
github.com/smartystreets/goconvey v1.8.1 h1:qGjIddxOk4grTu9JPOU31tVfq3cNdBlNa5sSznIX1xY=
github.com/sourcegraph/conc v0.3.0 h1:OQTbbt6P72L20UqAkXXuLOj79LfEanQ+YQFNpLA9ySo=
github.com/spf13/afero v1.11.0 h1:WJQKhtpdm3v2IzqG8VMqrr6Rf3UYpEF239Jy9wNepM8=
github.com/spf13/cast v1.7.1 h1:cuNEagBQEHWN1FnbGEjCXL2szYEXqfJPbP2HNUaca9Y=
github.com/spf13/pflag v1.0.9 h1:9exaQaMOCwffKiiiYk6/BndUBv+iRViNW+4lEMi0PvY=
github.com/spf13/viper v1.19.0 h1:RWq5SEjt8o25SROyN3z2OrDB9l7RPd3lwTWU8EcEdcI=
github.com/stretchr/testify v1.11.1 h1:7s2iGBzp5EwR7/aIZr8ao5+dra3wiQyKjjFuvgVKu7U=
github.com/subosito/gotenv v1.6.0 h1:9NlTDc1FTs4qu0DDq7AEtTPNw6SVm7uBMsUCUjABIf8=
github.com/tencentcloud/tencentcloud-sdk-go/tencentcloud/common v1.0.1093 h1:pkz4SrPMy3TLKwqwCH6gIgv6TqEvJKkyiq0sEFl8wb0=
github.com/tencentcloud/tencentcloud-sdk-go/tencentcloud/hunyuan v1.0.1093 h1:YlJETpB0b4KtK3Km8ak+Td1WqY8kQYaF+r3LId/hOc0=
github.com/tidwall/gjson v1.18.0 h1:FIDeeyB800efLX89e5a8Y0BNH+LOngJyGrIWxG2FKQY=
github.com/tidwall/match v1.1.1 h1:+Ho715JplO36QYgwN9PGYNhgZvoUSc9X2c80KVTi+GA=
github.com/tidwall/pretty v1.2.1 h1:qjsOFOWWQl+N3RsoF5/ssm1pHmJJwhjlSbZ51I6wMl4=
github.com/tidwall/sjson v1.2.5 h1:kLy8mja+1c9jlljvWTlSazM7cKDRfJuR/bOJhcY5NcY=
github.com/twitchyliquid64/golang-asm v0.15.1 h1:SU5vSMR7hnwNxj24w34ZyCi/FmDZTkS4MhqMhdFk5YI=
github.com/volcengine/volc-sdk-golang v1.0.23 h1:anOslb2Qp6ywnsbyq9jqR0ljuO63kg9PY+4OehIk5R8=
github.com/volcengine/volcengine-go-sdk v1.1.44 h1:WLoLlzt67ZlJeow55PPx65/Mh52DewVXqkHcFSodM9w=
github.com/wk8/go-ordered-map/v2 v2.1.8 h1:5h/BUHu93oj4gIdvHHHGsScSTMijfx5PeYkE/fJgbpc=
github.com/x-cray/logrus-prefixed-formatter v0.5.2 h1:00txxvfBM9muc0jiLIEAkAcIMJzfthRT6usrui8uGmg=
github.com/yargevad/filepathx v1.0.0 h1:SYcT+N3tYGi+NvazubCNlvgIPbzAk7i7y2dwg3I5FYc=
github.com/yosida95/uritemplate/v3 v3.0.2 h1:Ed3Oyj9yrmi9087+NczuL5BwkIc4wvTb5zIM+UJPGz4=
go.opencensus.io v0.24.0 h1:y73uSU6J157QMP2kn2r30vwW1A2W2WFwSCGnAVxeaD0=
go.opentelemetry.io/auto/sdk v1.1.0 h1:cH53jehLUN6UFLY71z+NDOiNJqDdPRaXzTel0sJySYA=
go.opentelemetry.io/otel v1.35.0 h1:xKWKPxrxB6OtMCbmMY021CqC45J+3Onta9MqjhnusiQ=
go.opentelemetry.io/otel/metric v1.35.0 h1:0znxYu2SNyuMSQT4Y9WDWej0VpcsxkuklLa4/siN90M=
go.opentelemetry.io/otel/sdk v1.35.0 h1:iPctf8iprVySXSKJffSS79eOjl9pvxV9ZqOWT0QejKY=
go.opentelemetry.io/otel/sdk/metric v1.35.0 h1:1RriWBmCKgkeHEhM7a2uMjMUfP7MsOF5JpUCaEqEI9o=
go.opentelemetry.io/otel/trace v1.35.0 h1:dPpEfJu1sDIqruz7BHFG3c7528f6ddfSWfFDVt/xgMs=
go.uber.org/mock v0.5.0 h1:KAMbZvZPyBPWgD14IrIQ38QCyjwpvVVV6K/bHl1IwQU=
go.uber.org/multierr v1.11.0 h1:blXXJkSxSSfBVBlC76pxqeO+LN3aDfLQo+309xJstO0=
golang.org/x/arch v0.20.0 h1:dx1zTU0MAE98U+TQ8BLl7XsJbgze2WnNKF/8tGp/Q6c=
golang.org/x/crypto v0.49.0 h1:+Ng2ULVvLHnJ/ZFEq4KdcDd/cfjrrjjNSXNzxg0Y4U4=
golang.org/x/exp v0.0.0-20260312153236-7ab1446f8b90 h1:jiDhWWeC7jfWqR9c/uplMOqJ0sbNlNWv0UkzE0vX1MA=
golang.org/x/net v0.52.0 h1:He/TN1l0e4mmR3QqHMT2Xab3Aj3L9qjbhRm78/6jrW0=
golang.org/x/sync v0.20.0 h1:e0PTpb7pjO8GAtTs2dQ6jYa5BWYlMuX047Dco/pItO4=
golang.org/x/sys v0.42.0 h1:omrd2nAlyT5ESRdCLYdm3+fMfNFE/+Rf4bDIQImRJeo=
golang.org/x/term v0.41.0 h1:QCgPso/Q3RTJx2Th4bDLqML4W6iJiaXFq2/ftQF13YU=
golang.org/x/text v0.35.0 h1:JOVx6vVDFokkpaq1AEptVzLTpDe9KGpj5tR4/X+ybL8=
google.golang.org/genai v1.34.0 h1:lPRJRO+HqRX1SwFo1Xb/22nZ5MBEPUbXDl61OoDxlbY=
google.golang.org/genproto/googleapis/rpc v0.0.0-20250324211829-b45e905df463 h1:e0AIkUUhxyBKh6ssZNrAMeqhA7RKUj42346d1y02i2g=
google.golang.org/grpc v1.73.0 h1:VIWSmpI2MegBtTuFt5/JWy2oXxtjJ/e89Z70ImfD2ok=
google.golang.org/protobuf v1.36.11 h1:fV6ZwhNocDyBLK0dj+fg8ektcVegBBuEolpbTQyBNVE=
gopkg.in/check.v1 v1.0.0-20201130134442-10cb98267c6c h1:Hei/4ADfdWqJk1ZMxUNpqntNwaWcugrBjAiHlqqRiVk=
gopkg.in/ini.v1 v1.67.0 h1:Dgnx+6+nfE+IfzjUEISNeydPJh9AXNNsWbGP9KzCsOA=
gopkg.in/yaml.v2 v2.4.0 h1:D8xgwECY7CYvx+Y2n4sBz93Jn9JRvxdiyyo8CTfuKaY=
gopkg.in/yaml.v3 v3.0.1 h1:fxVm/GzAzEWqLHuvctI91KS9hhNmmWOoWu0XTYJS7CA=
gorm.io/gorm v1.31.1 h1:7CA8FTFz/gRfgqgpeKIBcervUn3xSyPUmr6B2WXJ7kg=
